
Microsoft Visual Studio Solution File, Format Version 12.00
# Visual Studio 15
VisualStudioVersion = 15.0.28307.539
MinimumVisualStudioVersion = 10.0.40219.1
Project("{FAE04EC0-301F-11D3-BF4B-00C04F79EFBC}") = "oop_laba_2", "oop_laba_2\oop_laba_2.csproj", "{69175FD1-38B5-4452-A529-21E2ED2F8AA7}"
EndProject
Global
	GlobalSection(SolutionConfigurationPlatforms) = preSolution
		Debug|Any CPU = Debug|Any CPU
		Release|Any CPU = Release|Any CPU
	EndGlobalSection
	GlobalSection(ProjectConfigurationPlatforms) = postSolution
		{69175FD1-38B5-4452-A529-21E2ED2F8AA7}.Debug|Any CPU.ActiveCfg = Debug|Any CPU
		{69175FD1-38B5-4452-A529-21E2ED2F8AA7}.Debug|Any CPU.Build.0 = Debug|Any CPU
		{69175FD1-38B5-4452-A529-21E2ED2F8AA7}.Release|Any CPU.ActiveCfg = Release|Any CPU
		{69175FD1-38B5-4452-A529-21E2ED2F8AA7}.Release|Any CPU.Build.0 = Release|Any CPU
	EndGlobalSection
	GlobalSection(SolutionProperties) = preSolution
		HideSolutionNode = FALSE
	EndGlobalSection
	GlobalSection(ExtensibilityGlobals) = postSolution
		SolutionGuid = {7E2F7AC0-23A5-4199-8502-5C42AD0CF9D0}
	EndGlobalSection
EndGlobal
